
Microsoft Visual Studio Solution File, Format Version 11.00
# Visual Studio 2010
Project("{FAE04EC0-301F-11D3-BF4B-00C04F79EFBC}") = "Videojuego_com", "Assembly-CSharp-firstpass.csproj", "{C9DEF444-995C-176D-F330-7241F3A7A8FE}"
EndProject
Project("{FAE04EC0-301F-11D3-BF4B-00C04F79EFBC}") = "Videojuego_com", "Assembly-CSharp.csproj", "{7B75697C-5A15-4B34-A445-BDF25593EC95}"
EndProject
Project("{FAE04EC0-301F-11D3-BF4B-00C04F79EFBC}") = "Videojuego_com", "Assembly-CSharp-Editor-firstpass.csproj", "{BEF87ED4-E081-2198-DB6D-D8C4B8C21BCA}"
EndProject
Project("{FAE04EC0-301F-11D3-BF4B-00C04F79EFBC}") = "Videojuego_com", "Assembly-CSharp-Editor.csproj", "{2279E833-F276-BA47-ED9D-B35214B572B7}"
EndProject
Project("{316D69EA-DFAB-4FD7-2E50-6FD33B3D7F20}") = "Videojuego_com", "Assembly-UnityScript.unityproj", "{C9F4931A-3E07-CAC9-A830-E001BADF56E3}"
EndProject
Project("{316D69EA-DFAB-4FD7-2E50-6FD33B3D7F20}") = "Videojuego_com", "Assembly-UnityScript-Editor.unityproj", "{4C8BA40B-5BCD-3113-FDC1-1F077863520F}"
EndProject
Global
	GlobalSection(SolutionConfigurationPlatforms) = preSolution
		Debug|Any CPU = Debug|Any CPU
		Release|Any CPU = Release|Any CPU
	EndGlobalSection
	GlobalSection(ProjectConfigurationPlatforms) = postSolution
		{C9DEF444-995C-176D-F330-7241F3A7A8FE}.Debug|Any CPU.ActiveCfg = Debug|Any CPU
		{C9DEF444-995C-176D-F330-7241F3A7A8FE}.Debug|Any CPU.Build.0 = Debug|Any CPU
		{C9DEF444-995C-176D-F330-7241F3A7A8FE}.Release|Any CPU.ActiveCfg = Release|Any CPU
		{C9DEF444-995C-176D-F330-7241F3A7A8FE}.Release|Any CPU.Build.0 = Release|Any CPU
		{7B75697C-5A15-4B34-A445-BDF25593EC95}.Debug|Any CPU.ActiveCfg = Debug|Any CPU
		{7B75697C-5A15-4B34-A445-BDF25593EC95}.Debug|Any CPU.Build.0 = Debug|Any CPU
		{7B75697C-5A15-4B34-A445-BDF25593EC95}.Release|Any CPU.ActiveCfg = Release|Any CPU
		{7B75697C-5A15-4B34-A445-BDF25593EC95}.Release|Any CPU.Build.0 = Release|Any CPU
		{BEF87ED4-E081-2198-DB6D-D8C4B8C21BCA}.Debug|Any CPU.ActiveCfg = Debug|Any CPU
		{BEF87ED4-E081-2198-DB6D-D8C4B8C21BCA}.Debug|Any CPU.Build.0 = Debug|Any CPU
		{BEF87ED4-E081-2198-DB6D-D8C4B8C21BCA}.Release|Any CPU.ActiveCfg = Release|Any CPU
		{BEF87ED4-E081-2198-DB6D-D8C4B8C21BCA}.Release|Any CPU.Build.0 = Release|Any CPU
		{2279E833-F276-BA47-ED9D-B35214B572B7}.Debug|Any CPU.ActiveCfg = Debug|Any CPU
		{2279E833-F276-BA47-ED9D-B35214B572B7}.Debug|Any CPU.Build.0 = Debug|Any CPU
		{2279E833-F276-BA47-ED9D-B35214B572B7}.Release|Any CPU.ActiveCfg = Release|Any CPU
		{2279E833-F276-BA47-ED9D-B35214B572B7}.Release|Any CPU.Build.0 = Release|Any CPU
		{C9F4931A-3E07-CAC9-A830-E001BADF56E3}.Debug|Any CPU.ActiveCfg = Debug|Any CPU
		{C9F4931A-3E07-CAC9-A830-E001BADF56E3}.Debug|Any CPU.Build.0 = Debug|Any CPU
		{C9F4931A-3E07-CAC9-A830-E001BADF56E3}.Release|Any CPU.ActiveCfg = Release|Any CPU
		{C9F4931A-3E07-CAC9-A830-E001BADF56E3}.Release|Any CPU.Build.0 = Release|Any CPU
		{4C8BA40B-5BCD-3113-FDC1-1F077863520F}.Debug|Any CPU.ActiveCfg = Debug|Any CPU
		{4C8BA40B-5BCD-3113-FDC1-1F077863520F}.Debug|Any CPU.Build.0 = Debug|Any CPU
		{4C8BA40B-5BCD-3113-FDC1-1F077863520F}.Release|Any CPU.ActiveCfg = Release|Any CPU
		{4C8BA40B-5BCD-3113-FDC1-1F077863520F}.Release|Any CPU.Build.0 = Release|Any CPU
	EndGlobalSection
	GlobalSection(SolutionProperties) = preSolution
		HideSolutionNode = FALSE
	EndGlobalSection
	GlobalSection(MonoDevelopProperties) = preSolution
		StartupItem = Assembly-CSharp.csproj
	EndGlobalSection
EndGlobal
